
Microsoft Visual Studio Solution File, Format Version 12.00
# Visual Studio Version 17
VisualStudioVersion = 17.5.002.0
MinimumVisualStudioVersion = 10.0.40219.1
Project("{9A19103F-16F7-4668-BE54-9A1E7A4F7556}") = "FeedbackApp.Api", "FeedbackApp.Api.csproj", "{6392F296-22DE-44E2-BA2C-1355BD07C38A}"
EndProject
Global
	GlobalSection(SolutionConfigurationPlatforms) = preSolution
		Debug|Any CPU = Debug|Any CPU
		Release|Any CPU = Release|Any CPU
	EndGlobalSection
	GlobalSection(ProjectConfigurationPlatforms) = postSolution
		{6392F296-22DE-44E2-BA2C-1355BD07C38A}.Debug|Any CPU.ActiveCfg = Debug|Any CPU
		{6392F296-22DE-44E2-BA2C-1355BD07C38A}.Debug|Any CPU.Build.0 = Debug|Any CPU
		{6392F296-22DE-44E2-BA2C-1355BD07C38A}.Release|Any CPU.ActiveCfg = Release|Any CPU
		{6392F296-22DE-44E2-BA2C-1355BD07C38A}.Release|Any CPU.Build.0 = Release|Any CPU
	EndGlobalSection
	GlobalSection(SolutionProperties) = preSolution
		HideSolutionNode = FALSE
	EndGlobalSection
	GlobalSection(ExtensibilityGlobals) = postSolution
		SolutionGuid = {78AB95AE-CE0A-47CF-B766-F89AC535FCCF}
	EndGlobalSection
EndGlobal
